
Microsoft Visual Studio Solution File, Format Version 12.00
# Visual Studio 15
VisualStudioVersion = 15.0.28307.779
MinimumVisualStudioVersion = 10.0.40219.1
Project("{FAE04EC0-301F-11D3-BF4B-00C04F79EFBC}") = "Zelda", "ZeldaTeam3\Zelda.csproj", "{88ADAD00-8C1A-4846-85FF-8743A4B7FBAF}"
EndProject
Global
	GlobalSection(SolutionConfigurationPlatforms) = preSolution
		Debug|x86 = Debug|x86
		Release|x86 = Release|x86
	EndGlobalSection
	GlobalSection(ProjectConfigurationPlatforms) = postSolution
		{88ADAD00-8C1A-4846-85FF-8743A4B7FBAF}.Debug|x86.ActiveCfg = Debug|x86
		{88ADAD00-8C1A-4846-85FF-8743A4B7FBAF}.Debug|x86.Build.0 = Debug|x86
		{88ADAD00-8C1A-4846-85FF-8743A4B7FBAF}.Release|x86.ActiveCfg = Release|x86
		{88ADAD00-8C1A-4846-85FF-8743A4B7FBAF}.Release|x86.Build.0 = Release|x86
	EndGlobalSection
	GlobalSection(SolutionProperties) = preSolution
		HideSolutionNode = FALSE
	EndGlobalSection
	GlobalSection(ExtensibilityGlobals) = postSolution
		SolutionGuid = {90B672E1-4033-42C1-A136-5809A98A708D}
	EndGlobalSection
EndGlobal
